
Microsoft Visual Studio Solution File, Format Version 12.00
Project("{FAE04EC0-301F-11D3-BF4B-00C04F79EFBC}") = "SOLID.SRP", "SOLID.SRP\SOLID.SRP.csproj", "{D9237459-CE93-44F1-A313-A58F18D7EB38}"
EndProject
Project("{FAE04EC0-301F-11D3-BF4B-00C04F79EFBC}") = "SOLID.OCP", "SOLID.OCP\SOLID.OCP.csproj", "{D34D41A7-CFC6-4373-8813-DD0B69612685}"
EndProject
Project("{FAE04EC0-301F-11D3-BF4B-00C04F79EFBC}") = "SOLID.LSP", "SOLID.LSP\SOLID.LSP.csproj", "{82E37EFE-7E3C-4957-BC19-F73936D1E013}"
EndProject
Project("{FAE04EC0-301F-11D3-BF4B-00C04F79EFBC}") = "SOLID.ISP", "SOLID.ISP\SOLID.ISP.csproj", "{A8BF5F35-635D-481F-A916-DC40BD2DA273}"
EndProject
Project("{FAE04EC0-301F-11D3-BF4B-00C04F79EFBC}") = "SOLID.DIP", "SOLID.DIP\SOLID.DIP.csproj", "{4346A135-FF1B-42F2-9527-2FDA29C9F967}"
EndProject
Project("{FAE04EC0-301F-11D3-BF4B-00C04F79EFBC}") = "BuilderPattern", "BuilderPattern\BuilderPattern.csproj", "{D300B4AF-E667-4E02-A937-F0E522418308}"
EndProject
Project("{FAE04EC0-301F-11D3-BF4B-00C04F79EFBC}") = "MultifacetedBuilder", "MultifacetedBuilder\MultifacetedBuilder.csproj", "{B530C842-679E-4CB6-8BAD-DDF0959A982B}"
EndProject
Global
	GlobalSection(SolutionConfigurationPlatforms) = preSolution
		Debug|Any CPU = Debug|Any CPU
		Release|Any CPU = Release|Any CPU
	EndGlobalSection
	GlobalSection(ProjectConfigurationPlatforms) = postSolution
		{D9237459-CE93-44F1-A313-A58F18D7EB38}.Debug|Any CPU.ActiveCfg = Debug|Any CPU
		{D9237459-CE93-44F1-A313-A58F18D7EB38}.Debug|Any CPU.Build.0 = Debug|Any CPU
		{D9237459-CE93-44F1-A313-A58F18D7EB38}.Release|Any CPU.ActiveCfg = Release|Any CPU
		{D9237459-CE93-44F1-A313-A58F18D7EB38}.Release|Any CPU.Build.0 = Release|Any CPU
		{D34D41A7-CFC6-4373-8813-DD0B69612685}.Debug|Any CPU.ActiveCfg = Debug|Any CPU
		{D34D41A7-CFC6-4373-8813-DD0B69612685}.Debug|Any CPU.Build.0 = Debug|Any CPU
		{D34D41A7-CFC6-4373-8813-DD0B69612685}.Release|Any CPU.ActiveCfg = Release|Any CPU
		{D34D41A7-CFC6-4373-8813-DD0B69612685}.Release|Any CPU.Build.0 = Release|Any CPU
		{82E37EFE-7E3C-4957-BC19-F73936D1E013}.Debug|Any CPU.ActiveCfg = Debug|Any CPU
		{82E37EFE-7E3C-4957-BC19-F73936D1E013}.Debug|Any CPU.Build.0 = Debug|Any CPU
		{82E37EFE-7E3C-4957-BC19-F73936D1E013}.Release|Any CPU.ActiveCfg = Release|Any CPU
		{82E37EFE-7E3C-4957-BC19-F73936D1E013}.Release|Any CPU.Build.0 = Release|Any CPU
		{A8BF5F35-635D-481F-A916-DC40BD2DA273}.Debug|Any CPU.ActiveCfg = Debug|Any CPU
		{A8BF5F35-635D-481F-A916-DC40BD2DA273}.Debug|Any CPU.Build.0 = Debug|Any CPU
		{A8BF5F35-635D-481F-A916-DC40BD2DA273}.Release|Any CPU.ActiveCfg = Release|Any CPU
		{A8BF5F35-635D-481F-A916-DC40BD2DA273}.Release|Any CPU.Build.0 = Release|Any CPU
		{4346A135-FF1B-42F2-9527-2FDA29C9F967}.Debug|Any CPU.ActiveCfg = Debug|Any CPU
		{4346A135-FF1B-42F2-9527-2FDA29C9F967}.Debug|Any CPU.Build.0 = Debug|Any CPU
		{4346A135-FF1B-42F2-9527-2FDA29C9F967}.Release|Any CPU.ActiveCfg = Release|Any CPU
		{4346A135-FF1B-42F2-9527-2FDA29C9F967}.Release|Any CPU.Build.0 = Release|Any CPU
		{D300B4AF-E667-4E02-A937-F0E522418308}.Debug|Any CPU.ActiveCfg = Debug|Any CPU
		{D300B4AF-E667-4E02-A937-F0E522418308}.Debug|Any CPU.Build.0 = Debug|Any CPU
		{D300B4AF-E667-4E02-A937-F0E522418308}.Release|Any CPU.ActiveCfg = Release|Any CPU
		{D300B4AF-E667-4E02-A937-F0E522418308}.Release|Any CPU.Build.0 = Release|Any CPU
		{B530C842-679E-4CB6-8BAD-DDF0959A982B}.Debug|Any CPU.ActiveCfg = Debug|Any CPU
		{B530C842-679E-4CB6-8BAD-DDF0959A982B}.Debug|Any CPU.Build.0 = Debug|Any CPU
		{B530C842-679E-4CB6-8BAD-DDF0959A982B}.Release|Any CPU.ActiveCfg = Release|Any CPU
		{B530C842-679E-4CB6-8BAD-DDF0959A982B}.Release|Any CPU.Build.0 = Release|Any CPU
	EndGlobalSection
EndGlobal
